
Microsoft Visual Studio Solution File, Format Version 12.00
Project("{FAE04EC0-301F-11D3-BF4B-00C04F79EFBC}") = "Repository.WebApi", "Repository.WebApi\Repository.WebApi.csproj", "{C0F50019-709D-47FC-A830-1974616A0BA4}"
EndProject
Project("{FAE04EC0-301F-11D3-BF4B-00C04F79EFBC}") = "Repository.UnitTests", "Repository.UnitTests\Repository.UnitTests.csproj", "{33A6551E-DF86-423C-8BC1-C03FB4EC7295}"
EndProject
Global
	GlobalSection(SolutionConfigurationPlatforms) = preSolution
		Debug|Any CPU = Debug|Any CPU
		Release|Any CPU = Release|Any CPU
	EndGlobalSection
	GlobalSection(ProjectConfigurationPlatforms) = postSolution
		{C0F50019-709D-47FC-A830-1974616A0BA4}.Debug|Any CPU.ActiveCfg = Debug|Any CPU
		{C0F50019-709D-47FC-A830-1974616A0BA4}.Debug|Any CPU.Build.0 = Debug|Any CPU
		{C0F50019-709D-47FC-A830-1974616A0BA4}.Release|Any CPU.ActiveCfg = Release|Any CPU
		{C0F50019-709D-47FC-A830-1974616A0BA4}.Release|Any CPU.Build.0 = Release|Any CPU
		{33A6551E-DF86-423C-8BC1-C03FB4EC7295}.Debug|Any CPU.ActiveCfg = Debug|Any CPU
		{33A6551E-DF86-423C-8BC1-C03FB4EC7295}.Debug|Any CPU.Build.0 = Debug|Any CPU
		{33A6551E-DF86-423C-8BC1-C03FB4EC7295}.Release|Any CPU.ActiveCfg = Release|Any CPU
		{33A6551E-DF86-423C-8BC1-C03FB4EC7295}.Release|Any CPU.Build.0 = Release|Any CPU
	EndGlobalSection
EndGlobal
